// !$*UTF8*$!
{
	archiveVersion = 1;
	classes = {
	};
	objectVersion = 50;
	objects = {

/* Begin PBXBuildFile section */
		68DD056E25CF204B008C67E1 /* AppDelegate.swift in Sources */ = {isa = PBXBuildFile; fileRef = 68DD056D25CF204B008C67E1 /* AppDelegate.swift */; };
		68DD057025CF204B008C67E1 /* GameScene.sks in Resources */ = {isa = PBXBuildFile; fileRef = 68DD056F25CF204B008C67E1 /* GameScene.sks */; };
		68DD057225CF204B008C67E1 /* Actions.sks in Resources */ = {isa = PBXBuildFile; fileRef = 68DD057125CF204B008C67E1 /* Actions.sks */; };
		68DD057425CF204B008C67E1 /* GameScene.swift in Sources */ = {isa = PBXBuildFile; fileRef = 68DD057325CF204B008C67E1 /* GameScene.swift */; };
		68DD057625CF204B008C67E1 /* GameViewController.swift in Sources */ = {isa = PBXBuildFile; fileRef = 68DD057525CF204B008C67E1 /* GameViewController.swift */; };
		68DD057925CF204B008C67E1 /* Main.storyboard in Resources */ = {isa = PBXBuildFile; fileRef = 68DD057725CF204B008C67E1 /* Main.storyboard */; };
		68DD057B25CF204C008C67E1 /* Assets.xcassets in Resources */ = {isa = PBXBuildFile; fileRef = 68DD057A25CF204C008C67E1 /* Assets.xcassets */; };
		68DD058625CF204C008C67E1 /* ICE2_ios_LabAssignmentTests.swift in Sources */ = {isa = PBXBuildFile; fileRef = 68DD058525CF204C008C67E1 /* ICE2_ios_LabAssignmentTests.swift */; };
		68DD059125CF204C008C67E1 /* ICE2_ios_LabAssignmentUITests.swift in Sources */ = {isa = PBXBuildFile; fileRef = 68DD059025CF204C008C67E1 /* ICE2_ios_LabAssignmentUITests.swift */; };
/* End PBXBuildFile section */

/* Begin PBXContainerItemProxy section */
		68DD058225CF204C008C67E1 /* PBXContainerItemProxy */ = {
			isa = PBXContainerItemProxy;
			containerPortal = 68DD056225CF204B008C67E1 /* Project object */;
			proxyType = 1;
			remoteGlobalIDString = 68DD056925CF204B008C67E1;
			remoteInfo = ICE2_ios_LabAssignment;
		};
		68DD058D25CF204C008C67E1 /* PBXContainerItemProxy */ = {
			isa = PBXContainerItemProxy;
			containerPortal = 68DD056225CF204B008C67E1 /* Project object */;
			proxyType = 1;
			remoteGlobalIDString = 68DD056925CF204B008C67E1;
			remoteInfo = ICE2_ios_LabAssignment;
		};
/* End PBXContainerItemProxy section */

/* Begin PBXFileReference section */
		68DD056A25CF204B008C67E1 /* ICE2_ios_LabAssignment.app */ = {isa = PBXFileReference; explicitFileType = wrapper.application; includeInIndex = 0; path = ICE2_ios_LabAssignment.app; sourceTree = BUILT_PRODUCTS_DIR; };
		68DD056D25CF204B008C67E1 /* AppDelegate.swift */ = {isa = PBXFileReference; lastKnownFileType = sourcecode.swift; path = AppDelegate.swift; sourceTree = "<group>"; };
		68DD056F25CF204B008C67E1 /* GameScene.sks */ = {isa = PBXFileReference; lastKnownFileType = file.sks; path = GameScene.sks; sourceTree = "<group>"; };
		68DD057125CF204B008C67E1 /* Actions.sks */ = {isa = PBXFileReference; lastKnownFileType = file.sks; path = Actions.sks; sourceTree = "<group>"; };
		68DD057325CF204B008C67E1 /* GameScene.swift */ = {isa = PBXFileReference; lastKnownFileType = sourcecode.swift; path = GameScene.swift; sourceTree = "<group>"; };
		68DD057525CF204B008C67E1 /* GameViewController.swift */ = {isa = PBXFileReference; lastKnownFileType = sourcecode.swift; path = GameViewController.swift; sourceTree = "<group>"; };
		68DD057825CF204B008C67E1 /* Base */ = {isa = PBXFileReference; lastKnownFileType = file.storyboard; name = Base; path = Base.lproj/Main.storyboard; sourceTree = "<group>"; };
		68DD057A25CF204C008C67E1 /* Assets.xcassets */ = {isa = PBXFileReference; lastKnownFileType = folder.assetcatalog; path = Assets.xcassets; sourceTree = "<group>"; };
		68DD057C25CF204C008C67E1 /* Info.plist */ = {isa = PBXFileReference; lastKnownFileType = text.plist.xml; path = Info.plist; sourceTree = "<group>"; };
		68DD058125CF204C008C67E1 /* ICE2_ios_LabAssignmentTests.xctest */ = {isa = PBXFileReference; explicitFileType = wrapper.cfbundle; includeInIndex = 0; path = ICE2_ios_LabAssignmentTests.xctest; sourceTree = BUILT_PRODUCTS_DIR; };
		68DD058525CF204C008C67E1 /* ICE2_ios_LabAssignmentTests.swift */ = {isa = PBXFileReference; lastKnownFileType = sourcecode.swift; path = ICE2_ios_LabAssignmentTests.swift; sourceTree = "<group>"; };
		68DD058725CF204C008C67E1 /* Info.plist */ = {isa = PBXFileReference; lastKnownFileType = text.plist.xml; path = Info.plist; sourceTree = "<group>"; };
		68DD058C25CF204C008C67E1 /* ICE2_ios_LabAssignmentUITests.xctest */ = {isa = PBXFileReference; explicitFileType = wrapper.cfbundle; includeInIndex = 0; path = ICE2_ios_LabAssignmentUITests.xctest; sourceTree = BUILT_PRODUCTS_DIR; };
		68DD059025CF204C008C67E1 /* ICE2_ios_LabAssignmentUITests.swift */ = {isa = PBXFileReference; lastKnownFileType = sourcecode.swift; path = ICE2_ios_LabAssignmentUITests.swift; sourceTree = "<group>"; };
		68DD059225CF204C008C67E1 /* Info.plist */ = {isa = PBXFileReference; lastKnownFileType = text.plist.xml; path = Info.plist; sourceTree = "<group>"; };
/* End PBXFileReference section */

/* Begin PBXFrameworksBuildPhase section */
		68DD056725CF204B008C67E1 /* Frameworks */ = {
			isa = PBXFrameworksBuildPhase;
			buildActionMask = 2147483647;
			files = (
			);
			runOnlyForDeploymentPostprocessing = 0;
		};
		68DD057E25CF204C008C67E1 /* Frameworks */ = {
			isa = PBXFrameworksBuildPhase;
			buildActionMask = 2147483647;
			files = (
			);
			runOnlyForDeploymentPostprocessing = 0;
		};
		68DD058925CF204C008C67E1 /* Frameworks */ = {
			isa = PBXFrameworksBuildPhase;
			buildActionMask = 2147483647;
			files = (
			);
			runOnlyForDeploymentPostprocessing = 0;
		};
/* End PBXFrameworksBuildPhase section */

/* Begin PBXGroup section */
		68DD056125CF204B008C67E1 = {
			isa = PBXGroup;
			children = (
				68DD056C25CF204B008C67E1 /* ICE2_ios_LabAssignment */,
				68DD058425CF204C008C67E1 /* ICE2_ios_LabAssignmentTests */,
				68DD058F25CF204C008C67E1 /* ICE2_ios_LabAssignmentUITests */,
				68DD056B25CF204B008C67E1 /* Products */,
			);
			sourceTree = "<group>";
		};
		68DD056B25CF204B008C67E1 /* Products */ = {
			isa = PBXGroup;
			children = (
				68DD056A25CF204B008C67E1 /* ICE2_ios_LabAssignment.app */,
				68DD058125CF204C008C67E1 /* ICE2_ios_LabAssignmentTests.xctest */,
				68DD058C25CF204C008C67E1 /* ICE2_ios_LabAssignmentUITests.xctest */,
			);
			name = Products;
			sourceTree = "<group>";
		};
		68DD056C25CF204B008C67E1 /* ICE2_ios_LabAssignment */ = {
			isa = PBXGroup;
			children = (
				68DD056D25CF204B008C67E1 /* AppDelegate.swift */,
				68DD056F25CF204B008C67E1 /* GameScene.sks */,
				68DD057125CF204B008C67E1 /* Actions.sks */,
				68DD057325CF204B008C67E1 /* GameScene.swift */,
				68DD057525CF204B008C67E1 /* GameViewController.swift */,
				68DD057725CF204B008C67E1 /* Main.storyboard */,
				68DD057A25CF204C008C67E1 /* Assets.xcassets */,
				68DD057C25CF204C008C67E1 /* Info.plist */,
			);
			path = ICE2_ios_LabAssignment;
			sourceTree = "<group>";
		};
		68DD058425CF204C008C67E1 /* ICE2_ios_LabAssignmentTests */ = {
			isa = PBXGroup;
			children = (
				68DD058525CF204C008C67E1 /* ICE2_ios_LabAssignmentTests.swift */,
				68DD058725CF204C008C67E1 /* Info.plist */,
			);
			path = ICE2_ios_LabAssignmentTests;
			sourceTree = "<group>";
		};
		68DD058F25CF204C008C67E1 /* ICE2_ios_LabAssignmentUITests */ = {
			isa = PBXGroup;
			children = (
				68DD059025CF204C008C67E1 /* ICE2_ios_LabAssignmentUITests.swift */,
				68DD059225CF204C008C67E1 /* Info.plist */,
			);
			path = ICE2_ios_LabAssignmentUITests;
			sourceTree = "<group>";
		};
/* End PBXGroup section */

/* Begin PBXNativeTarget section */
		68DD056925CF204B008C67E1 /* ICE2_ios_LabAssignment */ = {
			isa = PBXNativeTarget;
			buildConfigurationList = 68DD059525CF204C008C67E1 /* Build configuration list for PBXNativeTarget "ICE2_ios_LabAssignment" */;
			buildPhases = (
				68DD056625CF204B008C67E1 /* Sources */,
				68DD056725CF204B008C67E1 /* Frameworks */,
				68DD056825CF204B008C67E1 /* Resources */,
			);
			buildRules = (
			);
			dependencies = (
			);
			name = ICE2_ios_LabAssignment;
			productName = ICE2_ios_LabAssignment;
			productReference = 68DD056A25CF204B008C67E1 /* ICE2_ios_LabAssignment.app */;
			productType = "com.apple.product-type.application";
		};
		68DD058025CF204C008C67E1 /* ICE2_ios_LabAssignmentTests */ = {
			isa = PBXNativeTarget;
			buildConfigurationList = 68DD059825CF204C008C67E1 /* Build configuration list for PBXNativeTarget "ICE2_ios_LabAssignmentTests" */;
			buildPhases = (
				68DD057D25CF204C008C67E1 /* Sources */,
				68DD057E25CF204C008C67E1 /* Frameworks */,
				68DD057F25CF204C008C67E1 /* Resources */,
			);
			buildRules = (
			);
			dependencies = (
				68DD058325CF204C008C67E1 /* PBXTargetDependency */,
			);
			name = ICE2_ios_LabAssignmentTests;
			productName = ICE2_ios_LabAssignmentTests;
			productReference = 68DD058125CF204C008C67E1 /* ICE2_ios_LabAssignmentTests.xctest */;
			productType = "com.apple.product-type.bundle.unit-test";
		};
		68DD058B25CF204C008C67E1 /* ICE2_ios_LabAssignmentUITests */ = {
			isa = PBXNativeTarget;
			buildConfigurationList = 68DD059B25CF204C008C67E1 /* Build configuration list for PBXNativeTarget "ICE2_ios_LabAssignmentUITests" */;
			buildPhases = (
				68DD058825CF204C008C67E1 /* Sources */,
				68DD058925CF204C008C67E1 /* Frameworks */,
				68DD058A25CF204C008C67E1 /* Resources */,
			);
			buildRules = (
			);
			dependencies = (
				68DD058E25CF204C008C67E1 /* PBXTargetDependency */,
			);
			name = ICE2_ios_LabAssignmentUITests;
			productName = ICE2_ios_LabAssignmentUITests;
			productReference = 68DD058C25CF204C008C67E1 /* ICE2_ios_LabAssignmentUITests.xctest */;
			productType = "com.apple.product-type.bundle.ui-testing";
		};
/* End PBXNativeTarget section */

/* Begin PBXProject section */
		68DD056225CF204B008C67E1 /* Project object */ = {
			isa = PBXProject;
			attributes = {
				LastSwiftUpdateCheck = 1220;
				LastUpgradeCheck = 1220;
				TargetAttributes = {
					68DD056925CF204B008C67E1 = {
						CreatedOnToolsVersion = 12.2;
					};
					68DD058025CF204C008C67E1 = {
						CreatedOnToolsVersion = 12.2;
						TestTargetID = 68DD056925CF204B008C67E1;
					};
					68DD058B25CF204C008C67E1 = {
						CreatedOnToolsVersion = 12.2;
						TestTargetID = 68DD056925CF204B008C67E1;
					};
				};
			};
			buildConfigurationList = 68DD056525CF204B008C67E1 /* Build configuration list for PBXProject "ICE2_ios_LabAssignment" */;
			compatibilityVersion = "Xcode 9.3";
			developmentRegion = en;
			hasScannedForEncodings = 0;
			knownRegions = (
				en,
				Base,
			);
			mainGroup = 68DD056125CF204B008C67E1;
			productRefGroup = 68DD056B25CF204B008C67E1 /* Products */;
			projectDirPath = "";
			projectRoot = "";
			targets = (
				68DD056925CF204B008C67E1 /* ICE2_ios_LabAssignment */,
				68DD058025CF204C008C67E1 /* ICE2_ios_LabAssignmentTests */,
				68DD058B25CF204C008C67E1 /* ICE2_ios_LabAssignmentUITests */,
			);
		};
/* End PBXProject section */

/* Begin PBXResourcesBuildPhase section */
		68DD056825CF204B008C67E1 /* Resources */ = {
			isa = PBXResourcesBuildPhase;
			buildActionMask = 2147483647;
			files = (
				68DD057925CF204B008C67E1 /* Main.storyboard in Resources */,
				68DD057025CF204B008C67E1 /* GameScene.sks in Resources */,
				68DD057B25CF204C008C67E1 /* Assets.xcassets in Resources */,
				68DD057225CF204B008C67E1 /* Actions.sks in Resources */,
			);
			runOnlyForDeploymentPostprocessing = 0;
		};
		68DD057F25CF204C008C67E1 /* Resources */ = {
			isa = PBXResourcesBuildPhase;
			buildActionMask = 2147483647;
			files = (
			);
			runOnlyForDeploymentPostprocessing = 0;
		};
		68DD058A25CF204C008C67E1 /* Resources */ = {
			isa = PBXResourcesBuildPhase;
			buildActionMask = 2147483647;
			files = (
			);
			runOnlyForDeploymentPostprocessing = 0;
		};
/* End PBXResourcesBuildPhase section */

/* Begin PBXSourcesBuildPhase section */
		68DD056625CF204B008C67E1 /* Sources */ = {
			isa = PBXSourcesBuildPhase;
			buildActionMask = 2147483647;
			files = (
				68DD057425CF204B008C67E1 /* GameScene.swift in Sources */,
				68DD057625CF204B008C67E1 /* GameViewController.swift in Sources */,
				68DD056E25CF204B008C67E1 /* AppDelegate.swift in Sources */,
			);
			runOnlyForDeploymentPostprocessing = 0;
		};
		68DD057D25CF204C008C67E1 /* Sources */ = {
			isa = PBXSourcesBuildPhase;
			buildActionMask = 2147483647;
			files = (
				68DD058625CF204C008C67E1 /* ICE2_ios_LabAssignmentTests.swift in Sources */,
			);
			runOnlyForDeploymentPostprocessing = 0;
		};
		68DD058825CF204C008C67E1 /* Sources */ = {
			isa = PBXSourcesBuildPhase;
			buildActionMask = 2147483647;
			files = (
				68DD059125CF204C008C67E1 /* ICE2_ios_LabAssignmentUITests.swift in Sources */,
			);
			runOnlyForDeploymentPostprocessing = 0;
		};
/* End PBXSourcesBuildPhase section */

/* Begin PBXTargetDependency section */
		68DD058325CF204C008C67E1 /* PBXTargetDependency */ = {
			isa = PBXTargetDependency;
			target = 68DD056925CF204B008C67E1 /* ICE2_ios_LabAssignment */;
			targetProxy = 68DD058225CF204C008C67E1 /* PBXContainerItemProxy */;
		};
		68DD058E25CF204C008C67E1 /* PBXTargetDependency */ = {
			isa = PBXTargetDependency;
			target = 68DD056925CF204B008C67E1 /* ICE2_ios_LabAssignment */;
			targetProxy = 68DD058D25CF204C008C67E1 /* PBXContainerItemProxy */;
		};
/* End PBXTargetDependency section */

/* Begin PBXVariantGroup section */
		68DD057725CF204B008C67E1 /* Main.storyboard */ = {
			isa = PBXVariantGroup;
			children = (
				68DD057825CF204B008C67E1 /* Base */,
			);
			name = Main.storyboard;
			sourceTree = "<group>";
		};
/* End PBXVariantGroup section */

/* Begin XCBuildConfiguration section */
		68DD059325CF204C008C67E1 /* Debug */ = {
			isa = XCBuildConfiguration;
			buildSettings = {
				ALWAYS_SEARCH_USER_PATHS = NO;
				CLANG_ANALYZER_NONNULL = YES;
				CLANG_ANALYZER_NUMBER_OBJECT_CONVERSION = YES_AGGRESSIVE;
				CLANG_CXX_LANGUAGE_STANDARD = "gnu++14";
				CLANG_CXX_LIBRARY = "libc++";
				CLANG_ENABLE_MODULES = YES;
				CLANG_ENABLE_OBJC_ARC = YES;
				CLANG_ENABLE_OBJC_WEAK = YES;
				CLANG_WARN_BLOCK_CAPTURE_AUTORELEASING = YES;
				CLANG_WARN_BOOL_CONVERSION = YES;
				CLANG_WARN_COMMA = YES;
				CLANG_WARN_CONSTANT_CONVERSION = YES;
				CLANG_WARN_DEPRECATED_OBJC_IMPLEMENTATIONS = YES;
				CLANG_WARN_DIRECT_OBJC_ISA_USAGE = YES_ERROR;
				CLANG_WARN_DOCUMENTATION_COMMENTS = YES;
				CLANG_WARN_EMPTY_BODY = YES;
				CLANG_WARN_ENUM_CONVERSION = YES;
				CLANG_WARN_INFINITE_RECURSION = YES;
				CLANG_WARN_INT_CONVERSION = YES;
				CLANG_WARN_NON_LITERAL_NULL_CONVERSION = YES;
				CLANG_WARN_OBJC_IMPLICIT_RETAIN_SELF = YES;
				CLANG_WARN_OBJC_LITERAL_CONVERSION = YES;
				CLANG_WARN_OBJC_ROOT_CLASS = YES_ERROR;
				CLANG_WARN_QUOTED_INCLUDE_IN_FRAMEWORK_HEADER = YES;
				CLANG_WARN_RANGE_LOOP_ANALYSIS = YES;
				CLANG_WARN_STRICT_PROTOTYPES = YES;
				CLANG_WARN_SUSPICIOUS_MOVE = YES;
				CLANG_WARN_UNGUARDED_AVAILABILITY = YES_AGGRESSIVE;
				CLANG_WARN_UNREACHABLE_CODE = YES;
				CLANG_WARN__DUPLICATE_METHOD_MATCH = YES;
				COPY_PHASE_STRIP = NO;
				DEBUG_INFORMATION_FORMAT = dwarf;
				ENABLE_STRICT_OBJC_MSGSEND = YES;
				ENABLE_TESTABILITY = YES;
				GCC_C_LANGUAGE_STANDARD = gnu11;
				GCC_DYNAMIC_NO_PIC = NO;
				GCC_NO_COMMON_BLOCKS = YES;
				GCC_OPTIMIZATION_LEVEL = 0;
				GCC_PREPROCESSOR_DEFINITIONS = (
					"DEBUG=1",
					"$(inherited)",
				);
				GCC_WARN_64_TO_32_BIT_CONVERSION = YES;
				GCC_WARN_ABOUT_RETURN_TYPE = YES_ERROR;
				GCC_WARN_UNDECLARED_SELECTOR = YES;
				GCC_WARN_UNINITIALIZED_AUTOS = YES_AGGRESSIVE;
				GCC_WARN_UNUSED_FUNCTION = YES;
				GCC_WARN_UNUSED_VARIABLE = YES;
				IPHONEOS_DEPLOYMENT_TARGET = 14.2;
				MTL_ENABLE_DEBUG_INFO = INCLUDE_SOURCE;
				MTL_FAST_MATH = YES;
				ONLY_ACTIVE_ARCH = YES;
				SDKROOT = iphoneos;
				SWIFT_ACTIVE_COMPILATION_CONDITIONS = DEBUG;
				SWIFT_OPTIMIZATION_LEVEL = "-Onone";
			};
			name = Debug;
		};
		68DD059425CF204C008C67E1 /* Release */ = {
			isa = XCBuildConfiguration;
			buildSettings = {
				ALWAYS_SEARCH_USER_PATHS = NO;
				CLANG_ANALYZER_NONNULL = YES;
				CLANG_ANALYZER_NUMBER_OBJECT_CONVERSION = YES_AGGRESSIVE;
				CLANG_CXX_LANGUAGE_STANDARD = "gnu++14";
				CLANG_CXX_LIBRARY = "libc++";
				CLANG_ENABLE_MODULES = YES;
				CLANG_ENABLE_OBJC_ARC = YES;
				CLANG_ENABLE_OBJC_WEAK = YES;
				CLANG_WARN_BLOCK_CAPTURE_AUTORELEASING = YES;
				CLANG_WARN_BOOL_CONVERSION = YES;
				CLANG_WARN_COMMA = YES;
				CLANG_WARN_CONSTANT_CONVERSION = YES;
				CLANG_WARN_DEPRECATED_OBJC_IMPLEMENTATIONS = YES;
				CLANG_WARN_DIRECT_OBJC_ISA_USAGE = YES_ERROR;
				CLANG_WARN_DOCUMENTATION_COMMENTS = YES;
				CLANG_WARN_EMPTY_BODY = YES;
				CLANG_WARN_ENUM_CONVERSION = YES;
				CLANG_WARN_INFINITE_RECURSION = YES;
				CLANG_WARN_INT_CONVERSION = YES;
				CLANG_WARN_NON_LITERAL_NULL_CONVERSION = YES;
				CLANG_WARN_OBJC_IMPLICIT_RETAIN_SELF = YES;
				CLANG_WARN_OBJC_LITERAL_CONVERSION = YES;
				CLANG_WARN_OBJC_ROOT_CLASS = YES_ERROR;
				CLANG_WARN_QUOTED_INCLUDE_IN_FRAMEWORK_HEADER = YES;
				CLANG_WARN_RANGE_LOOP_ANALYSIS = YES;
				CLANG_WARN_STRICT_PROTOTYPES = YES;
				CLANG_WARN_SUSPICIOUS_MOVE = YES;
				CLANG_WARN_UNGUARDED_AVAILABILITY = YES_AGGRESSIVE;
				CLANG_WARN_UNREACHABLE_CODE = YES;
				CLANG_WARN__DUPLICATE_METHOD_MATCH = YES;
				COPY_PHASE_STRIP = NO;
				DEBUG_INFORMATION_FORMAT = "dwarf-with-dsym";
				ENABLE_NS_ASSERTIONS = NO;
				ENABLE_STRICT_OBJC_MSGSEND = YES;
				GCC_C_LANGUAGE_STANDARD = gnu11;
				GCC_NO_COMMON_BLOCKS = YES;
				GCC_WARN_64_TO_32_BIT_CONVERSION = YES;
				GCC_WARN_ABOUT_RETURN_TYPE = YES_ERROR;
				GCC_WARN_UNDECLARED_SELECTOR = YES;
				GCC_WARN_UNINITIALIZED_AUTOS = YES_AGGRESSIVE;
				GCC_WARN_UNUSED_FUNCTION = YES;
				GCC_WARN_UNUSED_VARIABLE = YES;
				IPHONEOS_DEPLOYMENT_TARGET = 14.2;
				MTL_ENABLE_DEBUG_INFO = NO;
				MTL_FAST_MATH = YES;
				SDKROOT = iphoneos;
				SWIFT_COMPILATION_MODE = wholemodule;
				SWIFT_OPTIMIZATION_LEVEL = "-O";
				VALIDATE_PRODUCT = YES;
			};
			name = Release;
		};
		68DD059625CF204C008C67E1 /* Debug */ = {
			isa = XCBuildConfiguration;
			buildSettings = {
				ASSETCATALOG_COMPILER_APPICON_NAME = AppIcon;
				ASSETCATALOG_COMPILER_GLOBAL_ACCENT_COLOR_NAME = AccentColor;
				CODE_SIGN_STYLE = Automatic;
				INFOPLIST_FILE = ICE2_ios_LabAssignment/Info.plist;
				LD_RUNPATH_SEARCH_PATHS = (
					"$(inherited)",
					"@executable_path/Frameworks",
				);
				PRODUCT_BUNDLE_IDENTIFIER = "Supriya-Gadkari.ICE2-ios-LabAssignment";
				PRODUCT_NAME = "$(TARGET_NAME)";
				SWIFT_VERSION = 5.0;
				TARGETED_DEVICE_FAMILY = "1,2";
			};
			name = Debug;
		};
		68DD059725CF204C008C67E1 /* Release */ = {
			isa = XCBuildConfiguration;
			buildSettings = {
				ASSETCATALOG_COMPILER_APPICON_NAME = AppIcon;
				ASSETCATALOG_COMPILER_GLOBAL_ACCENT_COLOR_NAME = AccentColor;
				CODE_SIGN_STYLE = Automatic;
				INFOPLIST_FILE = ICE2_ios_LabAssignment/Info.plist;
				LD_RUNPATH_SEARCH_PATHS = (
					"$(inherited)",
					"@executable_path/Frameworks",
				);
				PRODUCT_BUNDLE_IDENTIFIER = "Supriya-Gadkari.ICE2-ios-LabAssignment";
				PRODUCT_NAME = "$(TARGET_NAME)";
				SWIFT_VERSION = 5.0;
				TARGETED_DEVICE_FAMILY = "1,2";
			};
			name = Release;
		};
		68DD059925CF204C008C67E1 /* Debug */ = {
			isa = XCBuildConfiguration;
			buildSettings = {
				ALWAYS_EMBED_SWIFT_STANDARD_LIBRARIES = YES;
				BUNDLE_LOADER = "$(TEST_HOST)";
				CODE_SIGN_STYLE = Automatic;
				INFOPLIST_FILE = ICE2_ios_LabAssignmentTests/Info.plist;
				IPHONEOS_DEPLOYMENT_TARGET = 14.2;
				LD_RUNPATH_SEARCH_PATHS = (
					"$(inherited)",
					"@executable_path/Frameworks",
					"@loader_path/Frameworks",
				);
				PRODUCT_BUNDLE_IDENTIFIER = "Supriya-Gadkari.ICE2-ios-LabAssignmentTests";
				PRODUCT_NAME = "$(TARGET_NAME)";
				SWIFT_VERSION = 5.0;
				TARGETED_DEVICE_FAMILY = "1,2";
				TEST_HOST = "$(BUILT_PRODUCTS_DIR)/ICE2_ios_LabAssignment.app/ICE2_ios_LabAssignment";
			};
			name = Debug;
		};
		68DD059A25CF204C008C67E1 /* Release */ = {
			isa = XCBuildConfiguration;
			buildSettings = {
				ALWAYS_EMBED_SWIFT_STANDARD_LIBRARIES = YES;
				BUNDLE_LOADER = "$(TEST_HOST)";
				CODE_SIGN_STYLE = Automatic;
				INFOPLIST_FILE = ICE2_ios_LabAssignmentTests/Info.plist;
				IPHONEOS_DEPLOYMENT_TARGET = 14.2;
				LD_RUNPATH_SEARCH_PATHS = (
					"$(inherited)",
					"@executable_path/Frameworks",
					"@loader_path/Frameworks",
				);
				PRODUCT_BUNDLE_IDENTIFIER = "Supriya-Gadkari.ICE2-ios-LabAssignmentTests";
				PRODUCT_NAME = "$(TARGET_NAME)";
				SWIFT_VERSION = 5.0;
				TARGETED_DEVICE_FAMILY = "1,2";
				TEST_HOST = "$(BUILT_PRODUCTS_DIR)/ICE2_ios_LabAssignment.app/ICE2_ios_LabAssignment";
			};
			name = Release;
		};
		68DD059C25CF204C008C67E1 /* Debug */ = {
			isa = XCBuildConfiguration;
			buildSettings = {
				ALWAYS_EMBED_SWIFT_STANDARD_LIBRARIES = YES;
				CODE_SIGN_STYLE = Automatic;
				INFOPLIST_FILE = ICE2_ios_LabAssignmentUITests/Info.plist;
				LD_RUNPATH_SEARCH_PATHS = (
					"$(inherited)",
					"@executable_path/Frameworks",
					"@loader_path/Frameworks",
				);
				PRODUCT_BUNDLE_IDENTIFIER = "Supriya-Gadkari.ICE2-ios-LabAssignmentUITests";
				PRODUCT_NAME = "$(TARGET_NAME)";
				SWIFT_VERSION = 5.0;
				TARGETED_DEVICE_FAMILY = "1,2";
				TEST_TARGET_NAME = ICE2_ios_LabAssignment;
			};
			name = Debug;
		};
		68DD059D25CF204C008C67E1 /* Release */ = {
			isa = XCBuildConfiguration;
			buildSettings = {
				ALWAYS_EMBED_SWIFT_STANDARD_LIBRARIES = YES;
				CODE_SIGN_STYLE = Automatic;
				INFOPLIST_FILE = ICE2_ios_LabAssignmentUITests/Info.plist;
				LD_RUNPATH_SEARCH_PATHS = (
					"$(inherited)",
					"@executable_path/Frameworks",
					"@loader_path/Frameworks",
				);
				PRODUCT_BUNDLE_IDENTIFIER = "Supriya-Gadkari.ICE2-ios-LabAssignmentUITests";
				PRODUCT_NAME = "$(TARGET_NAME)";
				SWIFT_VERSION = 5.0;
				TARGETED_DEVICE_FAMILY = "1,2";
				TEST_TARGET_NAME = ICE2_ios_LabAssignment;
			};
			name = Release;
		};
/* End XCBuildConfiguration section */

/* Begin XCConfigurationList section */
		68DD056525CF204B008C67E1 /* Build configuration list for PBXProject "ICE2_ios_LabAssignment" */ = {
			isa = XCConfigurationList;
			buildConfigurations = (
				68DD059325CF204C008C67E1 /* Debug */,
				68DD059425CF204C008C67E1 /* Release */,
			);
			defaultConfigurationIsVisible = 0;
			defaultConfigurationName = Release;
		};
		68DD059525CF204C008C67E1 /* Build configuration list for PBXNativeTarget "ICE2_ios_LabAssignment" */ = {
			isa = XCConfigurationList;
			buildConfigurations = (
				68DD059625CF204C008C67E1 /* Debug */,
				68DD059725CF204C008C67E1 /* Release */,
			);
			defaultConfigurationIsVisible = 0;
			defaultConfigurationName = Release;
		};
		68DD059825CF204C008C67E1 /* Build configuration list for PBXNativeTarget "ICE2_ios_LabAssignmentTests" */ = {
			isa = XCConfigurationList;
			buildConfigurations = (
				68DD059925CF204C008C67E1 /* Debug */,
				68DD059A25CF204C008C67E1 /* Release */,
			);
			defaultConfigurationIsVisible = 0;
			defaultConfigurationName = Release;
		};
		68DD059B25CF204C008C67E1 /* Build configuration list for PBXNativeTarget "ICE2_ios_LabAssignmentUITests" */ = {
			isa = XCConfigurationList;
			buildConfigurations = (
				68DD059C25CF204C008C67E1 /* Debug */,
				68DD059D25CF204C008C67E1 /* Release */,
			);
			defaultConfigurationIsVisible = 0;
			defaultConfigurationName = Release;
		};
/* End XCConfigurationList section */
	};
	rootObject = 68DD056225CF204B008C67E1 /* Project object */;
}
